
Microsoft Visual Studio Solution File, Format Version 12.00
# Visual Studio Version 16
VisualStudioVersion = 16.0.30907.101
MinimumVisualStudioVersion = 10.0.40219.1
Project("{9A19103F-16F7-4668-BE54-9A1E7A4F7556}") = "searchfight", "searchfight\searchfight.csproj", "{E285EC9A-B0A2-4660-B6C6-F1E3C7D7DBE0}"
	ProjectSection(ProjectDependencies) = postProject
		{D2DDB293-3370-4CD2-B20C-ED78BEB2ACE3} = {D2DDB293-3370-4CD2-B20C-ED78BEB2ACE3}
	EndProjectSection
EndProject
Project("{9A19103F-16F7-4668-BE54-9A1E7A4F7556}") = "searchfight.Domain", "searchfight.Domain\searchfight.Domain.csproj", "{D2DDB293-3370-4CD2-B20C-ED78BEB2ACE3}"
EndProject
Project("{FAE04EC0-301F-11D3-BF4B-00C04F79EFBC}") = "searchfight.UnitTests", "searchfight.UnitTests\searchfight.UnitTests.csproj", "{6A6717EE-5229-4176-84AD-678A70E0A4AD}"
EndProject
Global
	GlobalSection(SolutionConfigurationPlatforms) = preSolution
		Debug|Any CPU = Debug|Any CPU
		Debug|ARM = Debug|ARM
		Debug|ARM64 = Debug|ARM64
		Debug|x64 = Debug|x64
		Debug|x86 = Debug|x86
		Release|Any CPU = Release|Any CPU
		Release|ARM = Release|ARM
		Release|ARM64 = Release|ARM64
		Release|x64 = Release|x64
		Release|x86 = Release|x86
	EndGlobalSection
	GlobalSection(ProjectConfigurationPlatforms) = postSolution
		{E285EC9A-B0A2-4660-B6C6-F1E3C7D7DBE0}.Debug|Any CPU.ActiveCfg = Debug|Any CPU
		{E285EC9A-B0A2-4660-B6C6-F1E3C7D7DBE0}.Debug|Any CPU.Build.0 = Debug|Any CPU
		{E285EC9A-B0A2-4660-B6C6-F1E3C7D7DBE0}.Debug|ARM.ActiveCfg = Debug|Any CPU
		{E285EC9A-B0A2-4660-B6C6-F1E3C7D7DBE0}.Debug|ARM.Build.0 = Debug|Any CPU
		{E285EC9A-B0A2-4660-B6C6-F1E3C7D7DBE0}.Debug|ARM64.ActiveCfg = Debug|Any CPU
		{E285EC9A-B0A2-4660-B6C6-F1E3C7D7DBE0}.Debug|ARM64.Build.0 = Debug|Any CPU
		{E285EC9A-B0A2-4660-B6C6-F1E3C7D7DBE0}.Debug|x64.ActiveCfg = Debug|Any CPU
		{E285EC9A-B0A2-4660-B6C6-F1E3C7D7DBE0}.Debug|x64.Build.0 = Debug|Any CPU
		{E285EC9A-B0A2-4660-B6C6-F1E3C7D7DBE0}.Debug|x86.ActiveCfg = Debug|Any CPU
		{E285EC9A-B0A2-4660-B6C6-F1E3C7D7DBE0}.Debug|x86.Build.0 = Debug|Any CPU
		{E285EC9A-B0A2-4660-B6C6-F1E3C7D7DBE0}.Release|Any CPU.ActiveCfg = Release|Any CPU
		{E285EC9A-B0A2-4660-B6C6-F1E3C7D7DBE0}.Release|Any CPU.Build.0 = Release|Any CPU
		{E285EC9A-B0A2-4660-B6C6-F1E3C7D7DBE0}.Release|ARM.ActiveCfg = Release|Any CPU
		{E285EC9A-B0A2-4660-B6C6-F1E3C7D7DBE0}.Release|ARM.Build.0 = Release|Any CPU
		{E285EC9A-B0A2-4660-B6C6-F1E3C7D7DBE0}.Release|ARM64.ActiveCfg = Release|Any CPU
		{E285EC9A-B0A2-4660-B6C6-F1E3C7D7DBE0}.Release|ARM64.Build.0 = Release|Any CPU
		{E285EC9A-B0A2-4660-B6C6-F1E3C7D7DBE0}.Release|x64.ActiveCfg = Release|Any CPU
		{E285EC9A-B0A2-4660-B6C6-F1E3C7D7DBE0}.Release|x64.Build.0 = Release|Any CPU
		{E285EC9A-B0A2-4660-B6C6-F1E3C7D7DBE0}.Release|x86.ActiveCfg = Release|Any CPU
		{E285EC9A-B0A2-4660-B6C6-F1E3C7D7DBE0}.Release|x86.Build.0 = Release|Any CPU
		{D2DDB293-3370-4CD2-B20C-ED78BEB2ACE3}.Debug|Any CPU.ActiveCfg = Debug|Any CPU
		{D2DDB293-3370-4CD2-B20C-ED78BEB2ACE3}.Debug|Any CPU.Build.0 = Debug|Any CPU
		{D2DDB293-3370-4CD2-B20C-ED78BEB2ACE3}.Debug|ARM.ActiveCfg = Debug|Any CPU
		{D2DDB293-3370-4CD2-B20C-ED78BEB2ACE3}.Debug|ARM.Build.0 = Debug|Any CPU
		{D2DDB293-3370-4CD2-B20C-ED78BEB2ACE3}.Debug|ARM64.ActiveCfg = Debug|Any CPU
		{D2DDB293-3370-4CD2-B20C-ED78BEB2ACE3}.Debug|ARM64.Build.0 = Debug|Any CPU
		{D2DDB293-3370-4CD2-B20C-ED78BEB2ACE3}.Debug|x64.ActiveCfg = Debug|Any CPU
		{D2DDB293-3370-4CD2-B20C-ED78BEB2ACE3}.Debug|x64.Build.0 = Debug|Any CPU
		{D2DDB293-3370-4CD2-B20C-ED78BEB2ACE3}.Debug|x86.ActiveCfg = Debug|Any CPU
		{D2DDB293-3370-4CD2-B20C-ED78BEB2ACE3}.Debug|x86.Build.0 = Debug|Any CPU
		{D2DDB293-3370-4CD2-B20C-ED78BEB2ACE3}.Release|Any CPU.ActiveCfg = Release|Any CPU
		{D2DDB293-3370-4CD2-B20C-ED78BEB2ACE3}.Release|Any CPU.Build.0 = Release|Any CPU
		{D2DDB293-3370-4CD2-B20C-ED78BEB2ACE3}.Release|ARM.ActiveCfg = Release|Any CPU
		{D2DDB293-3370-4CD2-B20C-ED78BEB2ACE3}.Release|ARM.Build.0 = Release|Any CPU
		{D2DDB293-3370-4CD2-B20C-ED78BEB2ACE3}.Release|ARM64.ActiveCfg = Release|Any CPU
		{D2DDB293-3370-4CD2-B20C-ED78BEB2ACE3}.Release|ARM64.Build.0 = Release|Any CPU
		{D2DDB293-3370-4CD2-B20C-ED78BEB2ACE3}.Release|x64.ActiveCfg = Release|Any CPU
		{D2DDB293-3370-4CD2-B20C-ED78BEB2ACE3}.Release|x64.Build.0 = Release|Any CPU
		{D2DDB293-3370-4CD2-B20C-ED78BEB2ACE3}.Release|x86.ActiveCfg = Release|Any CPU
		{D2DDB293-3370-4CD2-B20C-ED78BEB2ACE3}.Release|x86.Build.0 = Release|Any CPU
		{6A6717EE-5229-4176-84AD-678A70E0A4AD}.Debug|Any CPU.ActiveCfg = Debug|Any CPU
		{6A6717EE-5229-4176-84AD-678A70E0A4AD}.Debug|Any CPU.Build.0 = Debug|Any CPU
		{6A6717EE-5229-4176-84AD-678A70E0A4AD}.Debug|ARM.ActiveCfg = Debug|Any CPU
		{6A6717EE-5229-4176-84AD-678A70E0A4AD}.Debug|ARM.Build.0 = Debug|Any CPU
		{6A6717EE-5229-4176-84AD-678A70E0A4AD}.Debug|ARM64.ActiveCfg = Debug|Any CPU
		{6A6717EE-5229-4176-84AD-678A70E0A4AD}.Debug|ARM64.Build.0 = Debug|Any CPU
		{6A6717EE-5229-4176-84AD-678A70E0A4AD}.Debug|x64.ActiveCfg = Debug|Any CPU
		{6A6717EE-5229-4176-84AD-678A70E0A4AD}.Debug|x64.Build.0 = Debug|Any CPU
		{6A6717EE-5229-4176-84AD-678A70E0A4AD}.Debug|x86.ActiveCfg = Debug|Any CPU
		{6A6717EE-5229-4176-84AD-678A70E0A4AD}.Debug|x86.Build.0 = Debug|Any CPU
		{6A6717EE-5229-4176-84AD-678A70E0A4AD}.Release|Any CPU.ActiveCfg = Release|Any CPU
		{6A6717EE-5229-4176-84AD-678A70E0A4AD}.Release|Any CPU.Build.0 = Release|Any CPU
		{6A6717EE-5229-4176-84AD-678A70E0A4AD}.Release|ARM.ActiveCfg = Release|Any CPU
		{6A6717EE-5229-4176-84AD-678A70E0A4AD}.Release|ARM.Build.0 = Release|Any CPU
		{6A6717EE-5229-4176-84AD-678A70E0A4AD}.Release|ARM64.ActiveCfg = Release|Any CPU
		{6A6717EE-5229-4176-84AD-678A70E0A4AD}.Release|ARM64.Build.0 = Release|Any CPU
		{6A6717EE-5229-4176-84AD-678A70E0A4AD}.Release|x64.ActiveCfg = Release|Any CPU
		{6A6717EE-5229-4176-84AD-678A70E0A4AD}.Release|x64.Build.0 = Release|Any CPU
		{6A6717EE-5229-4176-84AD-678A70E0A4AD}.Release|x86.ActiveCfg = Release|Any CPU
		{6A6717EE-5229-4176-84AD-678A70E0A4AD}.Release|x86.Build.0 = Release|Any CPU
	EndGlobalSection
	GlobalSection(SolutionProperties) = preSolution
		HideSolutionNode = FALSE
	EndGlobalSection
	GlobalSection(ExtensibilityGlobals) = postSolution
		SolutionGuid = {21956937-AC08-461C-A172-3E6D92671397}
	EndGlobalSection
EndGlobal
